{
  "requires": true,
  "lockfileVersion": 1,
  "dependencies": {
    "angular-bootstrap-md": {
      "version": "9.3.1",
      "resolved": "https://registry.npmjs.org/angular-bootstrap-md/-/angular-bootstrap-md-9.3.1.tgz",
      "integrity": "sha512-wQ7BzIce8HLs5tMjUXliHA+ePZFshs+5My/dYZ3imbKMKVbn6OMjEUNGc1q7iInHq+Rr5RHSz7ev8+J+NU/GYw=="
    }
  }
}
